
Microsoft Visual Studio Solution File, Format Version 12.00
# Visual Studio Version 17
VisualStudioVersion = 17.3.32901.215
MinimumVisualStudioVersion = 10.0.40219.1
Project("{9A19103F-16F7-4668-BE54-9A1E7A4F7556}") = "TP3Rest", "TP3Rest\TP3Rest.csproj", "{CB35C1F3-00F9-4BBA-97D0-808245409D2F}"
EndProject
Project("{FAE04EC0-301F-11D3-BF4B-00C04F79EFBC}") = "TP3RestTests", "TP3RestTests\TP3RestTests.csproj", "{E354C1E1-D848-4FD5-8857-BD847358719C}"
EndProject
Global
	GlobalSection(SolutionConfigurationPlatforms) = preSolution
		Debug|Any CPU = Debug|Any CPU
		Release|Any CPU = Release|Any CPU
	EndGlobalSection
	GlobalSection(ProjectConfigurationPlatforms) = postSolution
		{CB35C1F3-00F9-4BBA-97D0-808245409D2F}.Debug|Any CPU.ActiveCfg = Debug|Any CPU
		{CB35C1F3-00F9-4BBA-97D0-808245409D2F}.Debug|Any CPU.Build.0 = Debug|Any CPU
		{CB35C1F3-00F9-4BBA-97D0-808245409D2F}.Release|Any CPU.ActiveCfg = Release|Any CPU
		{CB35C1F3-00F9-4BBA-97D0-808245409D2F}.Release|Any CPU.Build.0 = Release|Any CPU
		{E354C1E1-D848-4FD5-8857-BD847358719C}.Debug|Any CPU.ActiveCfg = Debug|Any CPU
		{E354C1E1-D848-4FD5-8857-BD847358719C}.Debug|Any CPU.Build.0 = Debug|Any CPU
		{E354C1E1-D848-4FD5-8857-BD847358719C}.Release|Any CPU.ActiveCfg = Release|Any CPU
		{E354C1E1-D848-4FD5-8857-BD847358719C}.Release|Any CPU.Build.0 = Release|Any CPU
	EndGlobalSection
	GlobalSection(SolutionProperties) = preSolution
		HideSolutionNode = FALSE
	EndGlobalSection
	GlobalSection(ExtensibilityGlobals) = postSolution
		SolutionGuid = {CEC24AEE-0045-4019-B196-A3E599A7A590}
	EndGlobalSection
EndGlobal
